
Microsoft Visual Studio Solution File, Format Version 12.00
# Visual Studio Version 17
VisualStudioVersion = 17.6.33815.320
MinimumVisualStudioVersion = 10.0.40219.1
Project("{9A19103F-16F7-4668-BE54-9A1E7A4F7556}") = "AzureDemo", "AzureDemo\AzureDemo.csproj", "{A0D32D38-32E1-4AEC-90B2-E13C92357FC5}"
EndProject
Global
	GlobalSection(SolutionConfigurationPlatforms) = preSolution
		Debug|Any CPU = Debug|Any CPU
		Release|Any CPU = Release|Any CPU
	EndGlobalSection
	GlobalSection(ProjectConfigurationPlatforms) = postSolution
		{A0D32D38-32E1-4AEC-90B2-E13C92357FC5}.Debug|Any CPU.ActiveCfg = Debug|Any CPU
		{A0D32D38-32E1-4AEC-90B2-E13C92357FC5}.Debug|Any CPU.Build.0 = Debug|Any CPU
		{A0D32D38-32E1-4AEC-90B2-E13C92357FC5}.Release|Any CPU.ActiveCfg = Release|Any CPU
		{A0D32D38-32E1-4AEC-90B2-E13C92357FC5}.Release|Any CPU.Build.0 = Release|Any CPU
	EndGlobalSection
	GlobalSection(SolutionProperties) = preSolution
		HideSolutionNode = FALSE
	EndGlobalSection
	GlobalSection(ExtensibilityGlobals) = postSolution
		SolutionGuid = {B502AC71-CDAB-4E6E-9B8E-7213C18802EC}
	EndGlobalSection
EndGlobal
